{
  "name": "web-dev",
  "version": "1.0.0",
  "lockfileVersion": 1,
  "requires": true,
  "dependencies": {
    "chessboard-element": {
      "version": "1.1.0",
      "resolved": "https://registry.npmjs.org/chessboard-element/-/chessboard-element-1.1.0.tgz",
      "integrity": "sha512-dbQjpCNjEZOs3dBzTToxsFcBij+xwyZ0+HFce+ZCeP0P3kgIHUnLCKjFshd8XlpCHsZoPCoQElLrtYJFyqwC8w==",
      "requires": {
        "lit-element": "^2.2.1",
        "lit-html": "^1.2.1"
      }
    },
    "chessground": {
      "version": "7.9.3",
      "resolved": "https://registry.npmjs.org/chessground/-/chessground-7.9.3.tgz",
      "integrity": "sha512-6vU1q3u/69aHt/Y/UwNk9h9BxPhOuJl+xTQH/taicVZcVY7VcUEUpt+yvVGgglooPgOzM/uj2Rzv5Pcaj/R2/A=="
    },
    "lit-element": {
      "version": "2.4.0",
      "resolved": "https://registry.npmjs.org/lit-element/-/lit-element-2.4.0.tgz",
      "integrity": "sha512-pBGLglxyhq/Prk2H91nA0KByq/hx/wssJBQFiYqXhGDvEnY31PRGYf1RglVzyLeRysu0IHm2K0P196uLLWmwFg==",
      "requires": {
        "lit-html": "^1.1.1"
      }
    },
    "lit-html": {
      "version": "1.3.0",
      "resolved": "https://registry.npmjs.org/lit-html/-/lit-html-1.3.0.tgz",
      "integrity": "sha512-0Q1bwmaFH9O14vycPHw8C/IeHMk/uSDldVLIefu/kfbTBGIc44KGH6A8p1bDfxUfHdc8q6Ct7kQklWoHgr4t1Q=="
    }
  }
}
